
Microsoft Visual Studio Solution File, Format Version 12.00
# Visual Studio Version 16
VisualStudioVersion = 16.0.31624.102
MinimumVisualStudioVersion = 10.0.40219.1
Project("{9A19103F-16F7-4668-BE54-9A1E7A4F7556}") = "LibDithering", "src\LibDithering.csproj", "{61A273C5-F9A6-44B0-9E09-A3EF9AFED136}"
EndProject
Global
	GlobalSection(SolutionConfigurationPlatforms) = preSolution
		Debug|Any CPU = Debug|Any CPU
		Release|Any CPU = Release|Any CPU
	EndGlobalSection
	GlobalSection(ProjectConfigurationPlatforms) = postSolution
		{61A273C5-F9A6-44B0-9E09-A3EF9AFED136}.Debug|Any CPU.ActiveCfg = Debug|Any CPU
		{61A273C5-F9A6-44B0-9E09-A3EF9AFED136}.Debug|Any CPU.Build.0 = Debug|Any CPU
		{61A273C5-F9A6-44B0-9E09-A3EF9AFED136}.Release|Any CPU.ActiveCfg = Release|Any CPU
		{61A273C5-F9A6-44B0-9E09-A3EF9AFED136}.Release|Any CPU.Build.0 = Release|Any CPU
	EndGlobalSection
	GlobalSection(SolutionProperties) = preSolution
		HideSolutionNode = FALSE
	EndGlobalSection
	GlobalSection(ExtensibilityGlobals) = postSolution
		SolutionGuid = {00941A8C-2114-43D1-9656-ACA12C882D4C}
	EndGlobalSection
EndGlobal
